
Microsoft Visual Studio Solution File, Format Version 12.00
# Visual Studio Version 17
VisualStudioVersion = 17.12.35707.178 d17.12
MinimumVisualStudioVersion = 10.0.40219.1
Project("{FAE04EC0-301F-11D3-BF4B-00C04F79EFBC}") = "SeeSharp.Egzaminer.Api", "SeeSharp.Egzaminer.Api\SeeSharp.Egzaminer.Api.csproj", "{3C1067FF-97B5-4FBB-A67E-447E439366CD}"
EndProject
Project("{FAE04EC0-301F-11D3-BF4B-00C04F79EFBC}") = "SeeSharp.Egzaminer.Client", "SeeSharp.Egzaminer.Client\SeeSharp.Egzaminer.Client.csproj", "{339FA8B9-0B17-42B4-9082-3F0959C276FE}"
EndProject
Project("{FAE04EC0-301F-11D3-BF4B-00C04F79EFBC}") = "SeeSharp.Egzaminer.Infrastructure", "SeeSharp.Egzaminer.Infrastructure\SeeSharp.Egzaminer.Infrastructure.csproj", "{3290D29E-3E21-4576-ADB2-F36E9BAAE4DB}"
EndProject
Project("{FAE04EC0-301F-11D3-BF4B-00C04F79EFBC}") = "SeeSharp.Egzaminer.Application", "SeeSharp.Egzaminer.Application\SeeSharp.Egzaminer.Application.csproj", "{9750F3A4-78CF-451F-BBF2-99204176450B}"
EndProject
Project("{FAE04EC0-301F-11D3-BF4B-00C04F79EFBC}") = "SeeSharp.Egzaminer.Domain", "SeeSharp.Egzaminer.Domain\SeeSharp.Egzaminer.Domain.csproj", "{35C594D0-71A4-4AB8-B8C4-7427362513E2}"
EndProject
Project("{FAE04EC0-301F-11D3-BF4B-00C04F79EFBC}") = "SeeSharp.Egzaminer.Shared", "SeeSharp.Egzaminer.Shared\SeeSharp.Egzaminer.Shared.csproj", "{D9EFD1CA-075C-4354-8BB4-A3230C2CFF3A}"
EndProject
Global
	GlobalSection(SolutionConfigurationPlatforms) = preSolution
		Debug|Any CPU = Debug|Any CPU
		Release|Any CPU = Release|Any CPU
	EndGlobalSection
	GlobalSection(ProjectConfigurationPlatforms) = postSolution
		{3C1067FF-97B5-4FBB-A67E-447E439366CD}.Debug|Any CPU.ActiveCfg = Debug|Any CPU
		{3C1067FF-97B5-4FBB-A67E-447E439366CD}.Debug|Any CPU.Build.0 = Debug|Any CPU
		{3C1067FF-97B5-4FBB-A67E-447E439366CD}.Release|Any CPU.ActiveCfg = Release|Any CPU
		{3C1067FF-97B5-4FBB-A67E-447E439366CD}.Release|Any CPU.Build.0 = Release|Any CPU
		{339FA8B9-0B17-42B4-9082-3F0959C276FE}.Debug|Any CPU.ActiveCfg = Debug|Any CPU
		{339FA8B9-0B17-42B4-9082-3F0959C276FE}.Debug|Any CPU.Build.0 = Debug|Any CPU
		{339FA8B9-0B17-42B4-9082-3F0959C276FE}.Release|Any CPU.ActiveCfg = Release|Any CPU
		{339FA8B9-0B17-42B4-9082-3F0959C276FE}.Release|Any CPU.Build.0 = Release|Any CPU
		{3290D29E-3E21-4576-ADB2-F36E9BAAE4DB}.Debug|Any CPU.ActiveCfg = Debug|Any CPU
		{3290D29E-3E21-4576-ADB2-F36E9BAAE4DB}.Debug|Any CPU.Build.0 = Debug|Any CPU
		{3290D29E-3E21-4576-ADB2-F36E9BAAE4DB}.Release|Any CPU.ActiveCfg = Release|Any CPU
		{3290D29E-3E21-4576-ADB2-F36E9BAAE4DB}.Release|Any CPU.Build.0 = Release|Any CPU
		{9750F3A4-78CF-451F-BBF2-99204176450B}.Debug|Any CPU.ActiveCfg = Debug|Any CPU
		{9750F3A4-78CF-451F-BBF2-99204176450B}.Debug|Any CPU.Build.0 = Debug|Any CPU
		{9750F3A4-78CF-451F-BBF2-99204176450B}.Release|Any CPU.ActiveCfg = Release|Any CPU
		{9750F3A4-78CF-451F-BBF2-99204176450B}.Release|Any CPU.Build.0 = Release|Any CPU
		{35C594D0-71A4-4AB8-B8C4-7427362513E2}.Debug|Any CPU.ActiveCfg = Debug|Any CPU
		{35C594D0-71A4-4AB8-B8C4-7427362513E2}.Debug|Any CPU.Build.0 = Debug|Any CPU
		{35C594D0-71A4-4AB8-B8C4-7427362513E2}.Release|Any CPU.ActiveCfg = Release|Any CPU
		{35C594D0-71A4-4AB8-B8C4-7427362513E2}.Release|Any CPU.Build.0 = Release|Any CPU
		{D9EFD1CA-075C-4354-8BB4-A3230C2CFF3A}.Debug|Any CPU.ActiveCfg = Debug|Any CPU
		{D9EFD1CA-075C-4354-8BB4-A3230C2CFF3A}.Debug|Any CPU.Build.0 = Debug|Any CPU
		{D9EFD1CA-075C-4354-8BB4-A3230C2CFF3A}.Release|Any CPU.ActiveCfg = Release|Any CPU
		{D9EFD1CA-075C-4354-8BB4-A3230C2CFF3A}.Release|Any CPU.Build.0 = Release|Any CPU
	EndGlobalSection
	GlobalSection(SolutionProperties) = preSolution
		HideSolutionNode = FALSE
	EndGlobalSection
EndGlobal
